<?xml version="1.0" encoding="utf-8"?>
<Project ToolsVersion="4.0" xmlns="http://schemas.microsoft.com/developer/msbuild/2003">
  <ItemGroup>
    <Filter Include="Source Files">
      <UniqueIdentifier>{4FC737F1-C7A5-4376-A066-2A32D752A2FF}</UniqueIdentifier>
      <Extensions>cpp;c;cc;cxx;def;odl;idl;hpj;bat;asm;asmx</Extensions>
    </Filter>
    <Filter Include="Header Files">
      <UniqueIdentifier>{93995380-89BD-4b04-88EB-625FBE52EBFB}</UniqueIdentifier>
      <Extensions>h;hh;hpp;hxx;hm;inl;inc;xsd</Extensions>
    </Filter>
    <Filter Include="Resource Files">
      <UniqueIdentifier>{67DA6AB6-F800-4c08-8B7A-83BB121AAD01}</UniqueIdentifier>
      <Extensions>rc;ico;cur;bmp;dlg;rc2;rct;bin;rgs;gif;jpg;jpeg;jpe;resx;tiff;tif;png;wav;mfcribbon-ms</Extensions>
    </Filter>
    <Filter Include="Source Files\engine">
      <UniqueIdentifier>{e1b354ba-3559-4b3f-93da-17d193848972}</UniqueIdentifier>
    </Filter>
    <Filter Include="Source Files\tests">
      <UniqueIdentifier>{26d3eb72-5240-4070-9e4e-f779225740fa}</UniqueIdentifier>
    </Filter>
    <Filter Include="Header Files\engine">
      <UniqueIdentifier>{355f2a04-82d6-4177-a27c-c42a18111837}</UniqueIdentifier>
    </Filter>
    <Filter Include="Header Files\network">
      <UniqueIdentifier>{b540c07f-bd67-46b6-87c3-4c5a71735f15}</UniqueIdentifier>
    </Filter>
    <Filter Include="Source Files\network">
      <UniqueIdentifier>{a301037f-71ba-4f71-8228-a454cd878010}</UniqueIdentifier>
    </Filter>
  </ItemGroup>
  <ItemGroup>
    <ClCompile Include="main.cpp">
      <Filter>Source Files</Filter>
    </ClCompile>
    <ClCompile Include="network\manager.cpp">
      <Filter>Source Files\network</Filter>
    </ClCompile>
    <ClCompile Include="network\server.cpp">
      <Filter>Source Files\network</Filter>
    </ClCompile>
    <ClCompile Include="network\session.cpp">
      <Filter>Source Files\network</Filter>
    </ClCompile>
    <ClCompile Include="tests\server_tests.cpp">
      <Filter>Source Files\tests</Filter>
    </ClCompile>
    <ClCompile Include="tests\test_main.cpp">
      <Filter>Source Files\tests</Filter>
    </ClCompile>
    <ClCompile Include="tests\engine_tests.cpp">
      <Filter>Source Files\tests</Filter>
    </ClCompile>
    <ClCompile Include="engine\starter.cpp">
      <Filter>Source Files\engine</Filter>
    </ClCompile>
    <ClCompile Include="engine\sum_score.cpp">
      <Filter>Source Files\engine</Filter>
    </ClCompile>
    <ClCompile Include="engine\adder.cpp">
      <Filter>Source Files\engine</Filter>
    </ClCompile>
    <ClCompile Include="engine\bidder.cpp">
      <Filter>Source Files\engine</Filter>
    </ClCompile>
    <ClCompile Include="engine\card.cpp">
      <Filter>Source Files\engine</Filter>
    </ClCompile>
    <ClCompile Include="engine\chat_box.cpp">
      <Filter>Source Files\engine</Filter>
    </ClCompile>
    <ClCompile Include="engine\controller.cpp">
      <Filter>Source Files\engine</Filter>
    </ClCompile>
    <ClCompile Include="engine\dealer.cpp">
      <Filter>Source Files\engine</Filter>
    </ClCompile>
    <ClCompile Include="engine\deck.cpp">
      <Filter>Source Files\engine</Filter>
    </ClCompile>
    <ClCompile Include="engine\game.cpp">
      <Filter>Source Files\engine</Filter>
    </ClCompile>
    <ClCompile Include="engine\game_manager.cpp">
      <Filter>Source Files\engine</Filter>
    </ClCompile>
    <ClCompile Include="engine\leave_buster.cpp">
      <Filter>Source Files\engine</Filter>
    </ClCompile>
    <ClCompile Include="engine\player.cpp">
      <Filter>Source Files\engine</Filter>
    </ClCompile>
    <ClCompile Include="engine\players_deck.cpp">
      <Filter>Source Files\engine</Filter>
    </ClCompile>
    <ClCompile Include="engine\room.cpp">
      <Filter>Source Files\engine</Filter>
    </ClCompile>
    <ClCompile Include="engine\score.cpp">
      <Filter>Source Files\engine</Filter>
    </ClCompile>
    <ClCompile Include="engine\players_collection.cpp">
      <Filter>Source Files\engine</Filter>
    </ClCompile>
  </ItemGroup>
  <ItemGroup>
    <ClInclude Include="network\manager.h">
      <Filter>Header Files\network</Filter>
    </ClInclude>
    <ClInclude Include="network\server.h">
      <Filter>Header Files\network</Filter>
    </ClInclude>
    <ClInclude Include="network\session.h">
      <Filter>Header Files\network</Filter>
    </ClInclude>
    <ClInclude Include="engine\starter.hpp">
      <Filter>Header Files\engine</Filter>
    </ClInclude>
    <ClInclude Include="engine\sum_score.hpp">
      <Filter>Header Files\engine</Filter>
    </ClInclude>
    <ClInclude Include="engine\adder.hpp">
      <Filter>Header Files\engine</Filter>
    </ClInclude>
    <ClInclude Include="engine\bidder.hpp">
      <Filter>Header Files\engine</Filter>
    </ClInclude>
    <ClInclude Include="engine\card.hpp">
      <Filter>Header Files\engine</Filter>
    </ClInclude>
    <ClInclude Include="engine\chat_box.hpp">
      <Filter>Header Files\engine</Filter>
    </ClInclude>
    <ClInclude Include="engine\const_definitions.hpp">
      <Filter>Header Files\engine</Filter>
    </ClInclude>
    <ClInclude Include="engine\controller.hpp">
      <Filter>Header Files\engine</Filter>
    </ClInclude>
    <ClInclude Include="engine\dealer.hpp">
      <Filter>Header Files\engine</Filter>
    </ClInclude>
    <ClInclude Include="engine\deck.hpp">
      <Filter>Header Files\engine</Filter>
    </ClInclude>
    <ClInclude Include="engine\game.hpp">
      <Filter>Header Files\engine</Filter>
    </ClInclude>
    <ClInclude Include="engine\game_manager.hpp">
      <Filter>Header Files\engine</Filter>
    </ClInclude>
    <ClInclude Include="engine\leave_buster.hpp">
      <Filter>Header Files\engine</Filter>
    </ClInclude>
    <ClInclude Include="engine\player.hpp">
      <Filter>Header Files\engine</Filter>
    </ClInclude>
    <ClInclude Include="engine\players_collection.hpp">
      <Filter>Header Files\engine</Filter>
    </ClInclude>
    <ClInclude Include="engine\players_deck.hpp">
      <Filter>Header Files\engine</Filter>
    </ClInclude>
    <ClInclude Include="engine\room.hpp">
      <Filter>Header Files\engine</Filter>
    </ClInclude>
    <ClInclude Include="engine\score.hpp">
      <Filter>Header Files\engine</Filter>
    </ClInclude>
  </ItemGroup>
  <ItemGroup>
    <None Include="..\..\client\styles.css">
      <Filter>Resource Files</Filter>
    </None>
    <None Include="..\..\client\scripts\main.js">
      <Filter>Resource Files</Filter>
    </None>
    <None Include="..\..\client\scripts\player.js">
      <Filter>Resource Files</Filter>
    </None>
    <None Include="..\..\client\scripts\view.js">
      <Filter>Resource Files</Filter>
    </None>
    <None Include="..\..\client\scripts\controller.js">
      <Filter>Resource Files</Filter>
    </None>
    <None Include="..\..\client\scripts\game.js">
      <Filter>Resource Files</Filter>
    </None>
    <None Include="..\..\client\scripts\card.js">
      <Filter>Resource Files</Filter>
    </None>
    <None Include="..\..\client\index.html">
      <Filter>Resource Files</Filter>
    </None>
  </ItemGroup>
</Project>